// !$*UTF8*$!
{
	archiveVersion = 1;
	classes = {
	};
	objectVersion = 77;
	objects = {

/* Begin PBXContainerItemProxy section */
		C684CEDB2F71B924003D9CAE /* PBXContainerItemProxy */ = {
			isa = PBXContainerItemProxy;
			containerPortal = C684CEC42F71B923003D9CAE /* Project object */;
			proxyType = 1;
			remoteGlobalIDString = C684CECB2F71B923003D9CAE;
			remoteInfo = AnotherShell;
		};
		C684CEE52F71B924003D9CAE /* PBXContainerItemProxy */ = {
			isa = PBXContainerItemProxy;
			containerPortal = C684CEC42F71B923003D9CAE /* Project object */;
			proxyType = 1;
			remoteGlobalIDString = C684CECB2F71B923003D9CAE;
			remoteInfo = AnotherShell;
		};
/* End PBXContainerItemProxy section */

/* Begin PBXFileReference section */
		C684CECC2F71B923003D9CAE /* AnotherShell.app */ = {isa = PBXFileReference; explicitFileType = wrapper.application; includeInIndex = 0; path = AnotherShell.app; sourceTree = BUILT_PRODUCTS_DIR; };
		C684CEDA2F71B924003D9CAE /* AnotherShellTests.xctest */ = {isa = PBXFileReference; explicitFileType = wrapper.cfbundle; includeInIndex = 0; path = AnotherShellTests.xctest; sourceTree = BUILT_PRODUCTS_DIR; };
		C684CEE42F71B924003D9CAE /* AnotherShellUITests.xctest */ = {isa = PBXFileReference; explicitFileType = wrapper.cfbundle; includeInIndex = 0; path = AnotherShellUITests.xctest; sourceTree = BUILT_PRODUCTS_DIR; };
/* End PBXFileReference section */

/* Begin PBXFileSystemSynchronizedRootGroup section */
		C684CECE2F71B923003D9CAE /* AnotherShell */ = {
			isa = PBXFileSystemSynchronizedRootGroup;
			path = AnotherShell;
			sourceTree = "<group>";
		};
		C684CEDD2F71B924003D9CAE /* AnotherShellTests */ = {
			isa = PBXFileSystemSynchronizedRootGroup;
			path = AnotherShellTests;
			sourceTree = "<group>";
		};
		C684CEE72F71B924003D9CAE /* AnotherShellUITests */ = {
			isa = PBXFileSystemSynchronizedRootGroup;
			path = AnotherShellUITests;
			sourceTree = "<group>";
		};
/* End PBXFileSystemSynchronizedRootGroup section */

/* Begin PBXFrameworksBuildPhase section */
		C684CEC92F71B923003D9CAE /* Frameworks */ = {
			isa = PBXFrameworksBuildPhase;
			buildActionMask = 2147483647;
			files = (
			);
			runOnlyForDeploymentPostprocessing = 0;
		};
		C684CED72F71B924003D9CAE /* Frameworks */ = {
			isa = PBXFrameworksBuildPhase;
			buildActionMask = 2147483647;
			files = (
			);
			runOnlyForDeploymentPostprocessing = 0;
		};
		C684CEE12F71B924003D9CAE /* Frameworks */ = {
			isa = PBXFrameworksBuildPhase;
			buildActionMask = 2147483647;
			files = (
			);
			runOnlyForDeploymentPostprocessing = 0;
		};
/* End PBXFrameworksBuildPhase section */

/* Begin PBXGroup section */
		C684CEC32F71B923003D9CAE = {
			isa = PBXGroup;
			children = (
				C684CECE2F71B923003D9CAE /* AnotherShell */,
				C684CEDD2F71B924003D9CAE /* AnotherShellTests */,
				C684CEE72F71B924003D9CAE /* AnotherShellUITests */,
				C684CECD2F71B923003D9CAE /* Products */,
			);
			sourceTree = "<group>";
		};
		C684CECD2F71B923003D9CAE /* Products */ = {
			isa = PBXGroup;
			children = (
				C684CECC2F71B923003D9CAE /* AnotherShell.app */,
				C684CEDA2F71B924003D9CAE /* AnotherShellTests.xctest */,
				C684CEE42F71B924003D9CAE /* AnotherShellUITests.xctest */,
			);
			name = Products;
			sourceTree = "<group>";
		};
/* End PBXGroup section */

/* Begin PBXNativeTarget section */
		C684CECB2F71B923003D9CAE /* AnotherShell */ = {
			isa = PBXNativeTarget;
			buildConfigurationList = C684CEEE2F71B924003D9CAE /* Build configuration list for PBXNativeTarget "AnotherShell" */;
			buildPhases = (
				C684CEC82F71B923003D9CAE /* Sources */,
				C684CEC92F71B923003D9CAE /* Frameworks */,
				C684CECA2F71B923003D9CAE /* Resources */,
			);
			buildRules = (
			);
			dependencies = (
			);
			fileSystemSynchronizedGroups = (
				C684CECE2F71B923003D9CAE /* AnotherShell */,
			);
			name = AnotherShell;
			packageProductDependencies = (
			);
			productName = AnotherShell;
			productReference = C684CECC2F71B923003D9CAE /* AnotherShell.app */;
			productType = "com.apple.product-type.application";
		};
		C684CED92F71B924003D9CAE /* AnotherShellTests */ = {
			isa = PBXNativeTarget;
			buildConfigurationList = C684CEF12F71B924003D9CAE /* Build configuration list for PBXNativeTarget "AnotherShellTests" */;
			buildPhases = (
				C684CED62F71B924003D9CAE /* Sources */,
				C684CED72F71B924003D9CAE /* Frameworks */,
				C684CED82F71B924003D9CAE /* Resources */,
			);
			buildRules = (
			);
			dependencies = (
				C684CEDC2F71B924003D9CAE /* PBXTargetDependency */,
			);
			fileSystemSynchronizedGroups = (
				C684CEDD2F71B924003D9CAE /* AnotherShellTests */,
			);
			name = AnotherShellTests;
			packageProductDependencies = (
			);
			productName = AnotherShellTests;
			productReference = C684CEDA2F71B924003D9CAE /* AnotherShellTests.xctest */;
			productType = "com.apple.product-type.bundle.unit-test";
		};
		C684CEE32F71B924003D9CAE /* AnotherShellUITests */ = {
			isa = PBXNativeTarget;
			buildConfigurationList = C684CEF42F71B924003D9CAE /* Build configuration list for PBXNativeTarget "AnotherShellUITests" */;
			buildPhases = (
				C684CEE02F71B924003D9CAE /* Sources */,
				C684CEE12F71B924003D9CAE /* Frameworks */,
				C684CEE22F71B924003D9CAE /* Resources */,
			);
			buildRules = (
			);
			dependencies = (
				C684CEE62F71B924003D9CAE /* PBXTargetDependency */,
			);
			fileSystemSynchronizedGroups = (
				C684CEE72F71B924003D9CAE /* AnotherShellUITests */,
			);
			name = AnotherShellUITests;
			packageProductDependencies = (
			);
			productName = AnotherShellUITests;
			productReference = C684CEE42F71B924003D9CAE /* AnotherShellUITests.xctest */;
			productType = "com.apple.product-type.bundle.ui-testing";
		};
/* End PBXNativeTarget section */

/* Begin PBXProject section */
		C684CEC42F71B923003D9CAE /* Project object */ = {
			isa = PBXProject;
			attributes = {
				BuildIndependentTargetsInParallel = 1;
				LastSwiftUpdateCheck = 1630;
				LastUpgradeCheck = 1630;
				TargetAttributes = {
					C684CECB2F71B923003D9CAE = {
						CreatedOnToolsVersion = 16.3;
					};
					C684CED92F71B924003D9CAE = {
						CreatedOnToolsVersion = 16.3;
						TestTargetID = C684CECB2F71B923003D9CAE;
					};
					C684CEE32F71B924003D9CAE = {
						CreatedOnToolsVersion = 16.3;
						TestTargetID = C684CECB2F71B923003D9CAE;
					};
				};
			};
			buildConfigurationList = C684CEC72F71B923003D9CAE /* Build configuration list for PBXProject "AnotherShell" */;
			developmentRegion = en;
			hasScannedForEncodings = 0;
			knownRegions = (
				en,
				Base,
			);
			mainGroup = C684CEC32F71B923003D9CAE;
			minimizedProjectReferenceProxies = 1;
			preferredProjectObjectVersion = 77;
			productRefGroup = C684CECD2F71B923003D9CAE /* Products */;
			projectDirPath = "";
			projectRoot = "";
			targets = (
				C684CECB2F71B923003D9CAE /* AnotherShell */,
				C684CED92F71B924003D9CAE /* AnotherShellTests */,
				C684CEE32F71B924003D9CAE /* AnotherShellUITests */,
			);
		};
/* End PBXProject section */

/* Begin PBXResourcesBuildPhase section */
		C684CECA2F71B923003D9CAE /* Resources */ = {
			isa = PBXResourcesBuildPhase;
			buildActionMask = 2147483647;
			files = (
			);
			runOnlyForDeploymentPostprocessing = 0;
		};
		C684CED82F71B924003D9CAE /* Resources */ = {
			isa = PBXResourcesBuildPhase;
			buildActionMask = 2147483647;
			files = (
			);
			runOnlyForDeploymentPostprocessing = 0;
		};
		C684CEE22F71B924003D9CAE /* Resources */ = {
			isa = PBXResourcesBuildPhase;
			buildActionMask = 2147483647;
			files = (
			);
			runOnlyForDeploymentPostprocessing = 0;
		};
/* End PBXResourcesBuildPhase section */

/* Begin PBXSourcesBuildPhase section */
		C684CEC82F71B923003D9CAE /* Sources */ = {
			isa = PBXSourcesBuildPhase;
			buildActionMask = 2147483647;
			files = (
			);
			runOnlyForDeploymentPostprocessing = 0;
		};
		C684CED62F71B924003D9CAE /* Sources */ = {
			isa = PBXSourcesBuildPhase;
			buildActionMask = 2147483647;
			files = (
			);
			runOnlyForDeploymentPostprocessing = 0;
		};
		C684CEE02F71B924003D9CAE /* Sources */ = {
			isa = PBXSourcesBuildPhase;
			buildActionMask = 2147483647;
			files = (
			);
			runOnlyForDeploymentPostprocessing = 0;
		};
/* End PBXSourcesBuildPhase section */

/* Begin PBXTargetDependency section */
		C684CEDC2F71B924003D9CAE /* PBXTargetDependency */ = {
			isa = PBXTargetDependency;
			target = C684CECB2F71B923003D9CAE /* AnotherShell */;
			targetProxy = C684CEDB2F71B924003D9CAE /* PBXContainerItemProxy */;
		};
		C684CEE62F71B924003D9CAE /* PBXTargetDependency */ = {
			isa = PBXTargetDependency;
			target = C684CECB2F71B923003D9CAE /* AnotherShell */;
			targetProxy = C684CEE52F71B924003D9CAE /* PBXContainerItemProxy */;
		};
/* End PBXTargetDependency section */

/* Begin XCBuildConfiguration section */
		C684CEEC2F71B924003D9CAE /* Debug */ = {
			isa = XCBuildConfiguration;
			buildSettings = {
				ALWAYS_SEARCH_USER_PATHS = NO;
				ASSETCATALOG_COMPILER_GENERATE_SWIFT_ASSET_SYMBOL_EXTENSIONS = YES;
				CLANG_ANALYZER_NONNULL = YES;
				CLANG_ANALYZER_NUMBER_OBJECT_CONVERSION = YES_AGGRESSIVE;
				CLANG_CXX_LANGUAGE_STANDARD = "gnu++20";
				CLANG_ENABLE_MODULES = YES;
				CLANG_ENABLE_OBJC_ARC = YES;
				CLANG_ENABLE_OBJC_WEAK = YES;
				CLANG_WARN_BLOCK_CAPTURE_AUTORELEASING = YES;
				CLANG_WARN_BOOL_CONVERSION = YES;
				CLANG_WARN_COMMA = YES;
				CLANG_WARN_CONSTANT_CONVERSION = YES;
				CLANG_WARN_DEPRECATED_OBJC_IMPLEMENTATIONS = YES;
				CLANG_WARN_DIRECT_OBJC_ISA_USAGE = YES_ERROR;
				CLANG_WARN_DOCUMENTATION_COMMENTS = YES;
				CLANG_WARN_EMPTY_BODY = YES;
				CLANG_WARN_ENUM_CONVERSION = YES;
				CLANG_WARN_INFINITE_RECURSION = YES;
				CLANG_WARN_INT_CONVERSION = YES;
				CLANG_WARN_NON_LITERAL_NULL_CONVERSION = YES;
				CLANG_WARN_OBJC_IMPLICIT_RETAIN_SELF = YES;
				CLANG_WARN_OBJC_LITERAL_CONVERSION = YES;
				CLANG_WARN_OBJC_ROOT_CLASS = YES_ERROR;
				CLANG_WARN_QUOTED_INCLUDE_IN_FRAMEWORK_HEADER = YES;
				CLANG_WARN_RANGE_LOOP_ANALYSIS = YES;
				CLANG_WARN_STRICT_PROTOTYPES = YES;
				CLANG_WARN_SUSPICIOUS_MOVE = YES;
				CLANG_WARN_UNGUARDED_AVAILABILITY = YES_AGGRESSIVE;
				CLANG_WARN_UNREACHABLE_CODE = YES;
				CLANG_WARN__DUPLICATE_METHOD_MATCH = YES;
				COPY_PHASE_STRIP = NO;
				DEBUG_INFORMATION_FORMAT = dwarf;
				ENABLE_STRICT_OBJC_MSGSEND = YES;
				ENABLE_TESTABILITY = YES;
				ENABLE_USER_SCRIPT_SANDBOXING = YES;
				GCC_C_LANGUAGE_STANDARD = gnu17;
				GCC_DYNAMIC_NO_PIC = NO;
				GCC_NO_COMMON_BLOCKS = YES;
				GCC_OPTIMIZATION_LEVEL = 0;
				GCC_PREPROCESSOR_DEFINITIONS = (
					"DEBUG=1",
					"$(inherited)",
				);
				GCC_WARN_64_TO_32_BIT_CONVERSION = YES;
				GCC_WARN_ABOUT_RETURN_TYPE = YES_ERROR;
				GCC_WARN_UNDECLARED_SELECTOR = YES;
				GCC_WARN_UNINITIALIZED_AUTOS = YES_AGGRESSIVE;
				GCC_WARN_UNUSED_FUNCTION = YES;
				GCC_WARN_UNUSED_VARIABLE = YES;
				LOCALIZATION_PREFERS_STRING_CATALOGS = YES;
				MACOSX_DEPLOYMENT_TARGET = 15.4;
				MTL_ENABLE_DEBUG_INFO = INCLUDE_SOURCE;
				MTL_FAST_MATH = YES;
				ONLY_ACTIVE_ARCH = YES;
				SDKROOT = macosx;
				SWIFT_ACTIVE_COMPILATION_CONDITIONS = "DEBUG $(inherited)";
				SWIFT_OPTIMIZATION_LEVEL = "-Onone";
			};
			name = Debug;
		};
		C684CEED2F71B924003D9CAE /* Release */ = {
			isa = XCBuildConfiguration;
			buildSettings = {
				ALWAYS_SEARCH_USER_PATHS = NO;
				ASSETCATALOG_COMPILER_GENERATE_SWIFT_ASSET_SYMBOL_EXTENSIONS = YES;
				CLANG_ANALYZER_NONNULL = YES;
				CLANG_ANALYZER_NUMBER_OBJECT_CONVERSION = YES_AGGRESSIVE;
				CLANG_CXX_LANGUAGE_STANDARD = "gnu++20";
				CLANG_ENABLE_MODULES = YES;
				CLANG_ENABLE_OBJC_ARC = YES;
				CLANG_ENABLE_OBJC_WEAK = YES;
				CLANG_WARN_BLOCK_CAPTURE_AUTORELEASING = YES;
				CLANG_WARN_BOOL_CONVERSION = YES;
				CLANG_WARN_COMMA = YES;
				CLANG_WARN_CONSTANT_CONVERSION = YES;
				CLANG_WARN_DEPRECATED_OBJC_IMPLEMENTATIONS = YES;
				CLANG_WARN_DIRECT_OBJC_ISA_USAGE = YES_ERROR;
				CLANG_WARN_DOCUMENTATION_COMMENTS = YES;
				CLANG_WARN_EMPTY_BODY = YES;
				CLANG_WARN_ENUM_CONVERSION = YES;
				CLANG_WARN_INFINITE_RECURSION = YES;
				CLANG_WARN_INT_CONVERSION = YES;
				CLANG_WARN_NON_LITERAL_NULL_CONVERSION = YES;
				CLANG_WARN_OBJC_IMPLICIT_RETAIN_SELF = YES;
				CLANG_WARN_OBJC_LITERAL_CONVERSION = YES;
				CLANG_WARN_OBJC_ROOT_CLASS = YES_ERROR;
				CLANG_WARN_QUOTED_INCLUDE_IN_FRAMEWORK_HEADER = YES;
				CLANG_WARN_RANGE_LOOP_ANALYSIS = YES;
				CLANG_WARN_STRICT_PROTOTYPES = YES;
				CLANG_WARN_SUSPICIOUS_MOVE = YES;
				CLANG_WARN_UNGUARDED_AVAILABILITY = YES_AGGRESSIVE;
				CLANG_WARN_UNREACHABLE_CODE = YES;
				CLANG_WARN__DUPLICATE_METHOD_MATCH = YES;
				COPY_PHASE_STRIP = NO;
				DEBUG_INFORMATION_FORMAT = "dwarf-with-dsym";
				ENABLE_NS_ASSERTIONS = NO;
				ENABLE_STRICT_OBJC_MSGSEND = YES;
				ENABLE_USER_SCRIPT_SANDBOXING = YES;
				GCC_C_LANGUAGE_STANDARD = gnu17;
				GCC_NO_COMMON_BLOCKS = YES;
				GCC_WARN_64_TO_32_BIT_CONVERSION = YES;
				GCC_WARN_ABOUT_RETURN_TYPE = YES_ERROR;
				GCC_WARN_UNDECLARED_SELECTOR = YES;
				GCC_WARN_UNINITIALIZED_AUTOS = YES_AGGRESSIVE;
				GCC_WARN_UNUSED_FUNCTION = YES;
				GCC_WARN_UNUSED_VARIABLE = YES;
				LOCALIZATION_PREFERS_STRING_CATALOGS = YES;
				MACOSX_DEPLOYMENT_TARGET = 15.4;
				MTL_ENABLE_DEBUG_INFO = NO;
				MTL_FAST_MATH = YES;
				SDKROOT = macosx;
				SWIFT_COMPILATION_MODE = wholemodule;
			};
			name = Release;
		};
		C684CEEF2F71B924003D9CAE /* Debug */ = {
			isa = XCBuildConfiguration;
			buildSettings = {
				ASSETCATALOG_COMPILER_APPICON_NAME = AppIcon;
				ASSETCATALOG_COMPILER_GLOBAL_ACCENT_COLOR_NAME = AccentColor;
				CODE_SIGN_ENTITLEMENTS = AnotherShell/AnotherShell.entitlements;
				CODE_SIGN_STYLE = Automatic;
				COMBINE_HIDPI_IMAGES = YES;
				CURRENT_PROJECT_VERSION = 1;
				ENABLE_PREVIEWS = YES;
				GENERATE_INFOPLIST_FILE = YES;
				INFOPLIST_KEY_NSHumanReadableCopyright = "";
				LD_RUNPATH_SEARCH_PATHS = (
					"$(inherited)",
					"@executable_path/../Frameworks",
				);
				MARKETING_VERSION = 1.0;
				PRODUCT_BUNDLE_IDENTIFIER = com.maple.AnotherShell;
				PRODUCT_NAME = "$(TARGET_NAME)";
				REGISTER_APP_GROUPS = YES;
				SWIFT_EMIT_LOC_STRINGS = YES;
				SWIFT_VERSION = 5.0;
			};
			name = Debug;
		};
		C684CEF02F71B924003D9CAE /* Release */ = {
			isa = XCBuildConfiguration;
			buildSettings = {
				ASSETCATALOG_COMPILER_APPICON_NAME = AppIcon;
				ASSETCATALOG_COMPILER_GLOBAL_ACCENT_COLOR_NAME = AccentColor;
				CODE_SIGN_ENTITLEMENTS = AnotherShell/AnotherShell.entitlements;
				CODE_SIGN_STYLE = Automatic;
				COMBINE_HIDPI_IMAGES = YES;
				CURRENT_PROJECT_VERSION = 1;
				ENABLE_PREVIEWS = YES;
				GENERATE_INFOPLIST_FILE = YES;
				INFOPLIST_KEY_NSHumanReadableCopyright = "";
				LD_RUNPATH_SEARCH_PATHS = (
					"$(inherited)",
					"@executable_path/../Frameworks",
				);
				MARKETING_VERSION = 1.0;
				PRODUCT_BUNDLE_IDENTIFIER = com.maple.AnotherShell;
				PRODUCT_NAME = "$(TARGET_NAME)";
				REGISTER_APP_GROUPS = YES;
				SWIFT_EMIT_LOC_STRINGS = YES;
				SWIFT_VERSION = 5.0;
			};
			name = Release;
		};
		C684CEF22F71B924003D9CAE /* Debug */ = {
			isa = XCBuildConfiguration;
			buildSettings = {
				BUNDLE_LOADER = "$(TEST_HOST)";
				CODE_SIGN_STYLE = Automatic;
				CURRENT_PROJECT_VERSION = 1;
				GENERATE_INFOPLIST_FILE = YES;
				MACOSX_DEPLOYMENT_TARGET = 15.4;
				MARKETING_VERSION = 1.0;
				PRODUCT_BUNDLE_IDENTIFIER = com.maple.AnotherShellTests;
				PRODUCT_NAME = "$(TARGET_NAME)";
				SWIFT_EMIT_LOC_STRINGS = NO;
				SWIFT_VERSION = 5.0;
				TEST_HOST = "$(BUILT_PRODUCTS_DIR)/AnotherShell.app/$(BUNDLE_EXECUTABLE_FOLDER_PATH)/AnotherShell";
			};
			name = Debug;
		};
		C684CEF32F71B924003D9CAE /* Release */ = {
			isa = XCBuildConfiguration;
			buildSettings = {
				BUNDLE_LOADER = "$(TEST_HOST)";
				CODE_SIGN_STYLE = Automatic;
				CURRENT_PROJECT_VERSION = 1;
				GENERATE_INFOPLIST_FILE = YES;
				MACOSX_DEPLOYMENT_TARGET = 15.4;
				MARKETING_VERSION = 1.0;
				PRODUCT_BUNDLE_IDENTIFIER = com.maple.AnotherShellTests;
				PRODUCT_NAME = "$(TARGET_NAME)";
				SWIFT_EMIT_LOC_STRINGS = NO;
				SWIFT_VERSION = 5.0;
				TEST_HOST = "$(BUILT_PRODUCTS_DIR)/AnotherShell.app/$(BUNDLE_EXECUTABLE_FOLDER_PATH)/AnotherShell";
			};
			name = Release;
		};
		C684CEF52F71B924003D9CAE /* Debug */ = {
			isa = XCBuildConfiguration;
			buildSettings = {
				CODE_SIGN_STYLE = Automatic;
				CURRENT_PROJECT_VERSION = 1;
				GENERATE_INFOPLIST_FILE = YES;
				MARKETING_VERSION = 1.0;
				PRODUCT_BUNDLE_IDENTIFIER = com.maple.AnotherShellUITests;
				PRODUCT_NAME = "$(TARGET_NAME)";
				SWIFT_EMIT_LOC_STRINGS = NO;
				SWIFT_VERSION = 5.0;
				TEST_TARGET_NAME = AnotherShell;
			};
			name = Debug;
		};
		C684CEF62F71B924003D9CAE /* Release */ = {
			isa = XCBuildConfiguration;
			buildSettings = {
				CODE_SIGN_STYLE = Automatic;
				CURRENT_PROJECT_VERSION = 1;
				GENERATE_INFOPLIST_FILE = YES;
				MARKETING_VERSION = 1.0;
				PRODUCT_BUNDLE_IDENTIFIER = com.maple.AnotherShellUITests;
				PRODUCT_NAME = "$(TARGET_NAME)";
				SWIFT_EMIT_LOC_STRINGS = NO;
				SWIFT_VERSION = 5.0;
				TEST_TARGET_NAME = AnotherShell;
			};
			name = Release;
		};
/* End XCBuildConfiguration section */

/* Begin XCConfigurationList section */
		C684CEC72F71B923003D9CAE /* Build configuration list for PBXProject "AnotherShell" */ = {
			isa = XCConfigurationList;
			buildConfigurations = (
				C684CEEC2F71B924003D9CAE /* Debug */,
				C684CEED2F71B924003D9CAE /* Release */,
			);
			defaultConfigurationIsVisible = 0;
			defaultConfigurationName = Release;
		};
		C684CEEE2F71B924003D9CAE /* Build configuration list for PBXNativeTarget "AnotherShell" */ = {
			isa = XCConfigurationList;
			buildConfigurations = (
				C684CEEF2F71B924003D9CAE /* Debug */,
				C684CEF02F71B924003D9CAE /* Release */,
			);
			defaultConfigurationIsVisible = 0;
			defaultConfigurationName = Release;
		};
		C684CEF12F71B924003D9CAE /* Build configuration list for PBXNativeTarget "AnotherShellTests" */ = {
			isa = XCConfigurationList;
			buildConfigurations = (
				C684CEF22F71B924003D9CAE /* Debug */,
				C684CEF32F71B924003D9CAE /* Release */,
			);
			defaultConfigurationIsVisible = 0;
			defaultConfigurationName = Release;
		};
		C684CEF42F71B924003D9CAE /* Build configuration list for PBXNativeTarget "AnotherShellUITests" */ = {
			isa = XCConfigurationList;
			buildConfigurations = (
				C684CEF52F71B924003D9CAE /* Debug */,
				C684CEF62F71B924003D9CAE /* Release */,
			);
			defaultConfigurationIsVisible = 0;
			defaultConfigurationName = Release;
		};
/* End XCConfigurationList section */
	};
	rootObject = C684CEC42F71B923003D9CAE /* Project object */;
}
